
Microsoft Visual Studio Solution File, Format Version 12.00
# Visual Studio Version 17
VisualStudioVersion = 17.5.002.0
MinimumVisualStudioVersion = 10.0.40219.1
Project("{9A19103F-16F7-4668-BE54-9A1E7A4F7556}") = "ContosoPizza", "ContosoPizza.csproj", "{D08CE08C-8E7D-46CE-9FF1-50C7F9B9C773}"
EndProject
Global
	GlobalSection(SolutionConfigurationPlatforms) = preSolution
		Debug|Any CPU = Debug|Any CPU
		Release|Any CPU = Release|Any CPU
	EndGlobalSection
	GlobalSection(ProjectConfigurationPlatforms) = postSolution
		{D08CE08C-8E7D-46CE-9FF1-50C7F9B9C773}.Debug|Any CPU.ActiveCfg = Debug|Any CPU
		{D08CE08C-8E7D-46CE-9FF1-50C7F9B9C773}.Debug|Any CPU.Build.0 = Debug|Any CPU
		{D08CE08C-8E7D-46CE-9FF1-50C7F9B9C773}.Release|Any CPU.ActiveCfg = Release|Any CPU
		{D08CE08C-8E7D-46CE-9FF1-50C7F9B9C773}.Release|Any CPU.Build.0 = Release|Any CPU
	EndGlobalSection
	GlobalSection(SolutionProperties) = preSolution
		HideSolutionNode = FALSE
	EndGlobalSection
	GlobalSection(ExtensibilityGlobals) = postSolution
		SolutionGuid = {0BE49889-2ECD-426A-A8C0-4DA128BAE582}
	EndGlobalSection
EndGlobal
